
Microsoft Visual Studio Solution File, Format Version 12.00
# Visual Studio Version 17
VisualStudioVersion = 17.13.35931.197
MinimumVisualStudioVersion = 10.0.40219.1
Project("{FAE04EC0-301F-11D3-BF4B-00C04F79EFBC}") = "DemoSystemTests", "DemoSystemTests.csproj", "{6FFAABE9-7A85-4C2F-8E51-297374BBC775}"
EndProject
Global
	GlobalSection(SolutionConfigurationPlatforms) = preSolution
		Debug|Any CPU = Debug|Any CPU
		Release|Any CPU = Release|Any CPU
	EndGlobalSection
	GlobalSection(ProjectConfigurationPlatforms) = postSolution
		{6FFAABE9-7A85-4C2F-8E51-297374BBC775}.Debug|Any CPU.ActiveCfg = Debug|Any CPU
		{6FFAABE9-7A85-4C2F-8E51-297374BBC775}.Debug|Any CPU.Build.0 = Debug|Any CPU
		{6FFAABE9-7A85-4C2F-8E51-297374BBC775}.Release|Any CPU.ActiveCfg = Release|Any CPU
		{6FFAABE9-7A85-4C2F-8E51-297374BBC775}.Release|Any CPU.Build.0 = Release|Any CPU
	EndGlobalSection
	GlobalSection(SolutionProperties) = preSolution
		HideSolutionNode = FALSE
	EndGlobalSection
	GlobalSection(ExtensibilityGlobals) = postSolution
		SolutionGuid = {8A9E266D-A4CC-49B4-A40F-413A969F90C3}
	EndGlobalSection
EndGlobal
